# THIS IS AN AUTOGENERATED FILE. DO NOT EDIT THIS FILE DIRECTLY.
# yarn lockfile v1


"@babel/runtime@^7.12.1", "@babel/runtime@^7.4.3", "@babel/runtime@^7.6.2", "@babel/runtime@^7.6.3":
  version "7.12.5"
  resolved "https://registry.yarnpkg.com/@babel/runtime/-/runtime-7.12.5.tgz#410e7e487441e1b360c29be715d870d9b985882e"
  integrity sha512-plcc+hbExy3McchJCEQG3knOsuh3HH+Prx1P6cLIkET/0dLuQDEnrT+s27Axgc9bqfsmNUNHfscgMUdBpC9xfg==
  dependencies:
    regenerator-runtime "^0.13.4"

"@fortawesome/fontawesome-common-types@^0.2.34":
  version "0.2.34"
  resolved "https://registry.yarnpkg.com/@fortawesome/fontawesome-common-types/-/fontawesome-common-types-0.2.34.tgz#0a8c348bb23b7b760030f5b1d912e582be4ec915"
  integrity sha512-XcIn3iYbTEzGIxD0/dY5+4f019jIcEIWBiHc3KrmK/ROahwxmZ/s+tdj97p/5K0klz4zZUiMfUlYP0ajhSJjmA==

"@fortawesome/fontawesome-svg-core@^1.2.34":
  version "1.2.34"
  resolved "https://registry.yarnpkg.com/@fortawesome/fontawesome-svg-core/-/fontawesome-svg-core-1.2.34.tgz#1d1a7c92537cbc2b8a83eef6b6d824b4b5b46b26"
  integrity sha512-0KNN0nc5eIzaJxlv43QcDmTkDY1CqeN6J7OCGSs+fwGPdtv0yOQqRjieopBCmw+yd7uD3N2HeNL3Zm5isDleLg==
  dependencies:
    "@fortawesome/fontawesome-common-types" "^0.2.34"

"@fortawesome/free-regular-svg-icons@^5.15.2":
  version "5.15.2"
  resolved "https://registry.yarnpkg.com/@fortawesome/free-regular-svg-icons/-/free-regular-svg-icons-5.15.2.tgz#61eeb8c206e792c530eaa58279cc32c55332fe8f"
  integrity sha512-Uv5NQCYjyisNVTu/1Xjs+z8vwQjbfT6hiqYvQNfF0n8qdgfWLM581bAfVMQ3BCs1SPy+eEUKNcGkK4n0FihFHg==
  dependencies:
    "@fortawesome/fontawesome-common-types" "^0.2.34"

"@fortawesome/free-solid-svg-icons@^5.15.2":
  version "5.15.2"
  resolved "https://registry.yarnpkg.com/@fortawesome/free-solid-svg-icons/-/free-solid-svg-icons-5.15.2.tgz#25bb035de57cf85aee8072965732368ccc8e8943"
  integrity sha512-ZfCU+QjaFsdNZmOGmfqEWhzI3JOe37x5dF4kz9GeXvKn/sTxhqMtZ7mh3lBf76SvcYY5/GKFuyG7p1r4iWMQqw==
  dependencies:
    "@fortawesome/fontawesome-common-types" "^0.2.34"

"@fortawesome/react-fontawesome@^0.1.14":
  version "0.1.14"
  resolved "https://registry.yarnpkg.com/@fortawesome/react-fontawesome/-/react-fontawesome-0.1.14.tgz#bf28875c3935b69ce2dc620e1060b217a47f64ca"
  integrity sha512-4wqNb0gRLVaBm/h+lGe8UfPPivcbuJ6ecI4hIgW0LjI7kzpYB9FkN0L9apbVzg+lsBdcTf0AlBtODjcSX5mmKA==
  dependencies:
    prop-types "^15.7.2"

"@next/env@13.4.7":
  version "13.4.7"
  resolved "https://registry.yarnpkg.com/@next/env/-/env-13.4.7.tgz#ca12d341edb128ca70384635bd2794125ffb1c01"
  integrity sha512-ZlbiFulnwiFsW9UV1ku1OvX/oyIPLtMk9p/nnvDSwI0s7vSoZdRtxXNsaO+ZXrLv/pMbXVGq4lL8TbY9iuGmVw==

"@next/swc-darwin-arm64@13.4.7":
  version "13.4.7"
  resolved "https://registry.yarnpkg.com/@next/swc-darwin-arm64/-/swc-darwin-arm64-13.4.7.tgz#5e36c26dda5b0bc0ea15d8555d0abd71a1ef4b5d"
  integrity sha512-VZTxPv1b59KGiv/pZHTO5Gbsdeoxcj2rU2cqJu03btMhHpn3vwzEK0gUSVC/XW96aeGO67X+cMahhwHzef24/w==

"@next/swc-darwin-x64@13.4.7":
  version "13.4.7"
  resolved "https://registry.yarnpkg.com/@next/swc-darwin-x64/-/swc-darwin-x64-13.4.7.tgz#4c14ec14b200373cd602589086cb1253a28cd803"
  integrity sha512-gO2bw+2Ymmga+QYujjvDz9955xvYGrWofmxTq7m70b9pDPvl7aDFABJOZ2a8SRCuSNB5mXU8eTOmVVwyp/nAew==

"@next/swc-linux-arm64-gnu@13.4.7":
  version "13.4.7"
  resolved "https://registry.yarnpkg.com/@next/swc-linux-arm64-gnu/-/swc-linux-arm64-gnu-13.4.7.tgz#e7819167ec876ddac5a959e4c7bce4d001f0e924"
  integrity sha512-6cqp3vf1eHxjIDhEOc7Mh/s8z1cwc/l5B6ZNkOofmZVyu1zsbEM5Hmx64s12Rd9AYgGoiCz4OJ4M/oRnkE16/Q==

"@next/swc-linux-arm64-musl@13.4.7":
  version "13.4.7"
  resolved "https://registry.yarnpkg.com/@next/swc-linux-arm64-musl/-/swc-linux-arm64-musl-13.4.7.tgz#0cac0f01d4e308b439e6c33182bed77835fe383b"
  integrity sha512-T1kD2FWOEy5WPidOn1si0rYmWORNch4a/NR52Ghyp4q7KyxOCuiOfZzyhVC5tsLIBDH3+cNdB5DkD9afpNDaOw==

"@next/swc-linux-x64-gnu@13.4.7":
  version "13.4.7"
  resolved "https://registry.yarnpkg.com/@next/swc-linux-x64-gnu/-/swc-linux-x64-gnu-13.4.7.tgz#feb61e16a68c67f3ef230f30d9562a3783c7bd59"
  integrity sha512-zaEC+iEiAHNdhl6fuwl0H0shnTzQoAoJiDYBUze8QTntE/GNPfTYpYboxF5LRYIjBwETUatvE0T64W6SKDipvg==

"@next/swc-linux-x64-musl@13.4.7":
  version "13.4.7"
  resolved "https://registry.yarnpkg.com/@next/swc-linux-x64-musl/-/swc-linux-x64-musl-13.4.7.tgz#02179ecfa6d24a2956c2b54f7d27a050568bbf24"
  integrity sha512-X6r12F8d8SKAtYJqLZBBMIwEqcTRvUdVm+xIq+l6pJqlgT2tNsLLf2i5Cl88xSsIytBICGsCNNHd+siD2fbWBA==

"@next/swc-win32-arm64-msvc@13.4.7":
  version "13.4.7"
  resolved "https://registry.yarnpkg.com/@next/swc-win32-arm64-msvc/-/swc-win32-arm64-msvc-13.4.7.tgz#274b7f00a2ec5934af73db15da8459e8647bfaed"
  integrity sha512-NPnmnV+vEIxnu6SUvjnuaWRglZzw4ox5n/MQTxeUhb5iwVWFedolPFebMNwgrWu4AELwvTdGtWjqof53AiWHcw==

"@next/swc-win32-ia32-msvc@13.4.7":
  version "13.4.7"
  resolved "https://registry.yarnpkg.com/@next/swc-win32-ia32-msvc/-/swc-win32-ia32-msvc-13.4.7.tgz#4a95c106a6db2eee3a4c1352b77995e298d7446a"
  integrity sha512-6Hxijm6/a8XqLQpOOf/XuwWRhcuc/g4rBB2oxjgCMuV9Xlr2bLs5+lXyh8w9YbAUMYR3iC9mgOlXbHa79elmXw==

"@next/swc-win32-x64-msvc@13.4.7":
  version "13.4.7"
  resolved "https://registry.yarnpkg.com/@next/swc-win32-x64-msvc/-/swc-win32-x64-msvc-13.4.7.tgz#5137780f58d7f0230adc293a0429821bfa7d8c21"
  integrity sha512-sW9Yt36Db1nXJL+mTr2Wo0y+VkPWeYhygvcHj1FF0srVtV+VoDjxleKtny21QHaG05zdeZnw2fCtf2+dEqgwqA==

"@react-pdf/fontkit@^1.11.0", "@react-pdf/fontkit@^1.13.0":
  version "1.13.0"
  resolved "https://registry.yarnpkg.com/@react-pdf/fontkit/-/fontkit-1.13.0.tgz#ec14cc61120e814c1d48cf276771684ec615be9e"
  integrity sha512-g4rxtkSkEbIwDoqZc6ZM2yHq/imqmgGXQuMDnrkM2yI9TpTGhQfJGnz9IrCadrRgOrEx9orxRuTALOxzAce7Kg==
  dependencies:
    "@react-pdf/unicode-properties" "^2.2.0"
    brotli "^1.2.0"
    clone "^1.0.1"
    deep-equal "^1.0.0"
    dfa "^1.0.0"
    restructure "^0.5.3"
    tiny-inflate "^1.0.2"
    unicode-trie "^0.3.0"

"@react-pdf/pdfkit@^1.4.2":
  version "1.5.0"
  resolved "https://registry.yarnpkg.com/@react-pdf/pdfkit/-/pdfkit-1.5.0.tgz#f51502e899ba8559b0ee91b292a5f54520c9de39"
  integrity sha512-f7Xo5ePW3orEXjIsmH9QsCqxSN3wA8LnBBI0fdxfbkWX25PjM4qypdR1sQghECqbBFfdtPlcG0rJEhGJbA8WHg==
  dependencies:
    "@react-pdf/fontkit" "^1.11.0"
    "@react-pdf/png-js" "^1.0.0"
    lz-string "^1.4.4"

"@react-pdf/png-js@^1.0.0":
  version "1.0.0"
  resolved "https://registry.yarnpkg.com/@react-pdf/png-js/-/png-js-1.0.0.tgz#00fcb969dca4ce82a0a7673413ade039e47b361e"
  integrity sha1-APy5adykzoKgp2c0E63gOeR7Nh4=

"@react-pdf/renderer@^1.6.13":
  version "1.6.13"
  resolved "https://registry.yarnpkg.com/@react-pdf/renderer/-/renderer-1.6.13.tgz#352da407e506b1af8cf8c2b2c1bc79f729530eaa"
  integrity sha512-bBRqYs3Syg56bF77DKCOe/hzLo0d4QarM2Mao9SBJtqcD4tS3lv3e5rHKqZMVh3BdTwfj3hyi8Gbk+UxNahl6A==
  dependencies:
    "@babel/runtime" "^7.6.2"
    "@react-pdf/fontkit" "^1.13.0"
    "@react-pdf/pdfkit" "^1.4.2"
    "@react-pdf/png-js" "^1.0.0"
    "@react-pdf/textkit" "^0.3.7"
    blob-stream "^0.1.3"
    cross-fetch "^3.0.4"
    emoji-regex "^8.0.0"
    is-url "^1.2.4"
    media-engine "^1.0.3"
    page-wrapping "^1.1.0"
    ramda "^0.26.1"
    react-reconciler "^0.24.0"
    scheduler "^0.18.0"
    yoga-layout-prebuilt "^1.9.3"

"@react-pdf/textkit@^0.3.7":
  version "0.3.7"
  resolved "https://registry.yarnpkg.com/@react-pdf/textkit/-/textkit-0.3.7.tgz#67bcc4d952ad1cd738b3cb38c8396219450f536b"
  integrity sha512-JyK06VofTG4/6Mxv9ugqGyKS/nnbg7MXXHmzeYLP+wwxZsgiatjybVBSXI+DW+++UeyUKLrCYQh2RaxliRm+NQ==
  dependencies:
    "@babel/runtime" "^7.4.3"
    "@react-pdf/unicode-properties" "^2.2.0"
    babel-runtime "^6.26.0"
    hyphen "^1.1.1"
    ramda "^0.26.1"

"@react-pdf/unicode-properties@^2.2.0":
  version "2.2.0"
  resolved "https://registry.yarnpkg.com/@react-pdf/unicode-properties/-/unicode-properties-2.2.0.tgz#f109eaac244ceb108011d4038cee4cc787cb40f3"
  integrity sha1-8QnqrCRM6xCAEdQDjO5Mx4fLQPM=
  dependencies:
    unicode-trie "^0.3.0"

"@redux-saga/core@^1.1.3":
  version "1.1.3"
  resolved "https://registry.yarnpkg.com/@redux-saga/core/-/core-1.1.3.tgz#3085097b57a4ea8db5528d58673f20ce0950f6a4"
  integrity sha512-8tInBftak8TPzE6X13ABmEtRJGjtK17w7VUs7qV17S8hCO5S3+aUTWZ/DBsBJPdE8Z5jOPwYALyvofgq1Ws+kg==
  dependencies:
    "@babel/runtime" "^7.6.3"
    "@redux-saga/deferred" "^1.1.2"
    "@redux-saga/delay-p" "^1.1.2"
    "@redux-saga/is" "^1.1.2"
    "@redux-saga/symbols" "^1.1.2"
    "@redux-saga/types" "^1.1.0"
    redux "^4.0.4"
    typescript-tuple "^2.2.1"

"@redux-saga/deferred@^1.1.2":
  version "1.1.2"
  resolved "https://registry.yarnpkg.com/@redux-saga/deferred/-/deferred-1.1.2.tgz#59937a0eba71fff289f1310233bc518117a71888"
  integrity sha512-908rDLHFN2UUzt2jb4uOzj6afpjgJe3MjICaUNO3bvkV/kN/cNeI9PMr8BsFXB/MR8WTAZQq/PlTq8Kww3TBSQ==

"@redux-saga/delay-p@^1.1.2":
  version "1.1.2"
  resolved "https://registry.yarnpkg.com/@redux-saga/delay-p/-/delay-p-1.1.2.tgz#8f515f4b009b05b02a37a7c3d0ca9ddc157bb355"
  integrity sha512-ojc+1IoC6OP65Ts5+ZHbEYdrohmIw1j9P7HS9MOJezqMYtCDgpkoqB5enAAZrNtnbSL6gVCWPHaoaTY5KeO0/g==
  dependencies:
    "@redux-saga/symbols" "^1.1.2"

"@redux-saga/is@^1.1.2":
  version "1.1.2"
  resolved "https://registry.yarnpkg.com/@redux-saga/is/-/is-1.1.2.tgz#ae6c8421f58fcba80faf7cadb7d65b303b97e58e"
  integrity sha512-OLbunKVsCVNTKEf2cH4TYyNbbPgvmZ52iaxBD4I1fTif4+MTXMa4/Z07L83zW/hTCXwpSZvXogqMqLfex2Tg6w==
  dependencies:
    "@redux-saga/symbols" "^1.1.2"
    "@redux-saga/types" "^1.1.0"

"@redux-saga/symbols@^1.1.2":
  version "1.1.2"
  resolved "https://registry.yarnpkg.com/@redux-saga/symbols/-/symbols-1.1.2.tgz#216a672a487fc256872b8034835afc22a2d0595d"
  integrity sha512-EfdGnF423glv3uMwLsGAtE6bg+R9MdqlHEzExnfagXPrIiuxwr3bdiAwz3gi+PsrQ3yBlaBpfGLtDG8rf3LgQQ==

"@redux-saga/types@^1.1.0":
  version "1.1.0"
  resolved "https://registry.yarnpkg.com/@redux-saga/types/-/types-1.1.0.tgz#0e81ce56b4883b4b2a3001ebe1ab298b84237204"
  integrity sha512-afmTuJrylUU/0OtqzaRkbyYFFNgCF73Bvel/sw90pvGrWIZ+vyoIJqA6eMSoA6+nb443kTmulmBtC9NerXboNg==

"@swc/helpers@0.5.1":
  version "0.5.1"
  resolved "https://registry.yarnpkg.com/@swc/helpers/-/helpers-0.5.1.tgz#e9031491aa3f26bfcc974a67f48bd456c8a5357a"
  integrity sha512-sJ902EfIzn1Fa+qYmjdQqh8tPsoxyBz+8yBKC2HKUxyezKJFwPGOn7pv4WY6QuQW//ySQi5lJjA/ZT9sNWWNTg==
  dependencies:
    tslib "^2.4.0"

"@types/hoist-non-react-statics@^3.3.0":
  version "3.3.1"
  resolved "https://registry.yarnpkg.com/@types/hoist-non-react-statics/-/hoist-non-react-statics-3.3.1.tgz#1124aafe5118cb591977aeb1ceaaed1070eb039f"
  integrity sha512-iMIqiko6ooLrTh1joXodJK5X9xeEALT1kM5G3ZLhD3hszxBdIEd5C75U834D9mLcINgD4OyZf5uQXjkuYydWvA==
  dependencies:
    "@types/react" "*"
    hoist-non-react-statics "^3.3.0"

"@types/json-schema@^7.0.6":
  version "7.0.7"
  resolved "https://registry.yarnpkg.com/@types/json-schema/-/json-schema-7.0.7.tgz#98a993516c859eb0d5c4c8f098317a9ea68db9ad"
  integrity sha512-cxWFQVseBm6O9Gbw1IWb8r6OS4OhSt3hPZLkFApLjM8TEXROBuQGLAH2i2gZpcXdLBIrpXuTDhH7Vbm1iXmNGA==

"@types/node@^14.14.21":
  version "14.14.21"
  resolved "https://registry.yarnpkg.com/@types/node/-/node-14.14.21.tgz#d934aacc22424fe9622ebf6857370c052eae464e"
  integrity sha512-cHYfKsnwllYhjOzuC5q1VpguABBeecUp24yFluHpn/BQaVxB1CuQ1FSRZCzrPxrkIfWISXV2LbeoBthLWg0+0A==

"@types/prop-types@*":
  version "15.7.3"
  resolved "https://registry.yarnpkg.com/@types/prop-types/-/prop-types-15.7.3.tgz#2ab0d5da2e5815f94b0b9d4b95d1e5f243ab2ca7"
  integrity sha512-KfRL3PuHmqQLOG+2tGpRO26Ctg+Cq1E01D2DMriKEATHgWLfeNDmq9e29Q9WIky0dQ3NPkd1mzYH8Lm936Z9qw==

"@types/react-helmet@^6.1.0":
  version "6.1.0"
  resolved "https://registry.yarnpkg.com/@types/react-helmet/-/react-helmet-6.1.0.tgz#af586ed685f4905e2adc7462d1d65ace52beee7a"
  integrity sha512-PYRoU1XJFOzQ3BHvWL1T8iDNbRjdMDJMT5hFmZKGbsq09kbSqJy61uwEpTrbTNWDopVphUT34zUSVLK9pjsgYQ==
  dependencies:
    "@types/react" "*"

"@types/react-redux@^7.1.15":
  version "7.1.15"
  resolved "https://registry.yarnpkg.com/@types/react-redux/-/react-redux-7.1.15.tgz#19075884db94101be762accef924d266a603fb1b"
  integrity sha512-+piY42tUflPfI7y9Vy3UkG6MEMuJlrxfdtgeUcWmd5Z0qB57NXAPG6smkqu1DNXluo/KDyXPeRYhcFzMwt1BEA==
  dependencies:
    "@types/hoist-non-react-statics" "^3.3.0"
    "@types/react" "*"
    hoist-non-react-statics "^3.3.0"
    redux "^4.0.0"

"@types/react@*", "@types/react@^17.0.0":
  version "17.0.0"
  resolved "https://registry.yarnpkg.com/@types/react/-/react-17.0.0.tgz#5af3eb7fad2807092f0046a1302b7823e27919b8"
  integrity sha512-aj/L7RIMsRlWML3YB6KZiXB3fV2t41+5RBGYF8z+tAKU43Px8C3cYUZsDvf1/+Bm4FK21QWBrDutu8ZJ/70qOw==
  dependencies:
    "@types/prop-types" "*"
    csstype "^3.0.2"

"@types/yoga-layout@1.9.2":
  version "1.9.2"
  resolved "https://registry.yarnpkg.com/@types/yoga-layout/-/yoga-layout-1.9.2.tgz#efaf9e991a7390dc081a0b679185979a83a9639a"
  integrity sha512-S9q47ByT2pPvD65IvrWp7qppVMpk9WGMbVq9wbWZOHg6tnXSD4vyhao6nOSBwwfDdV2p3Kx9evA9vI+XWTfDvw==

ajv-keywords@^3.5.2:
  version "3.5.2"
  resolved "https://registry.yarnpkg.com/ajv-keywords/-/ajv-keywords-3.5.2.tgz#31f29da5ab6e00d1c2d329acf7b5929614d5014d"
  integrity sha512-5p6WTN0DdTGVQk6VjcEju19IgaHudalcfabD7yhDGeA6bcQnmL+CpveLJq/3hvfwd1aof6L386Ougkx6RfyMIQ==

ajv@^6.12.5:
  version "6.12.6"
  resolved "https://registry.yarnpkg.com/ajv/-/ajv-6.12.6.tgz#baf5a62e802b07d977034586f8c3baf5adf26df4"
  integrity sha512-j3fVLgvTo527anyYyJOGTYJbG+vnnQYvE0m5mmkc1TK+nxAppkCLMIL0aZ4dblVCNoGShhm+kzE4ZUykBoMg4g==
  dependencies:
    fast-deep-equal "^3.1.1"
    fast-json-stable-stringify "^2.0.0"
    json-schema-traverse "^0.4.1"
    uri-js "^4.2.2"

amdefine@>=0.0.4:
  version "1.0.1"
  resolved "https://registry.yarnpkg.com/amdefine/-/amdefine-1.0.1.tgz#4a5282ac164729e93619bcfd3ad151f817ce91f5"
  integrity sha1-SlKCrBZHKek2Gbz9OtFR+BfOkfU=

ast-transform@0.0.0:
  version "0.0.0"
  resolved "https://registry.yarnpkg.com/ast-transform/-/ast-transform-0.0.0.tgz#74944058887d8283e189d954600947bc98fe0062"
  integrity sha1-dJRAWIh9goPhidlUYAlHvJj+AGI=
  dependencies:
    escodegen "~1.2.0"
    esprima "~1.0.4"
    through "~2.3.4"

ast-types@^0.7.0:
  version "0.7.8"
  resolved "https://registry.yarnpkg.com/ast-types/-/ast-types-0.7.8.tgz#902d2e0d60d071bdcd46dc115e1809ed11c138a9"
  integrity sha1-kC0uDWDQcb3NRtwRXhgJ7RHBOKk=

axios@^0.21.1:
  version "0.21.1"
  resolved "https://registry.yarnpkg.com/axios/-/axios-0.21.1.tgz#22563481962f4d6bde9a76d516ef0e5d3c09b2b8"
  integrity sha512-dKQiRHxGD9PPRIUNIWvZhPTPpl1rf/OxTYKsqKUDjBwYylTvV7SjSHJb9ratfyzM6wCdLCOYLzs73qpg5c4iGA==
  dependencies:
    follow-redirects "^1.10.0"

babel-runtime@^6.26.0:
  version "6.26.0"
  resolved "https://registry.yarnpkg.com/babel-runtime/-/babel-runtime-6.26.0.tgz#965c7058668e82b55d7bfe04ff2337bc8b5647fe"
  integrity sha1-llxwWGaOgrVde/4E/yM3vItWR/4=
  dependencies:
    core-js "^2.4.0"
    regenerator-runtime "^0.11.0"

base64-js@^1.1.2:
  version "1.5.1"
  resolved "https://registry.yarnpkg.com/base64-js/-/base64-js-1.5.1.tgz#1b1b440160a5bf7ad40b650f095963481903930a"
  integrity sha512-AKpaYlHn8t4SVbOHCy+b5+KKgvR4vrsD8vbvrbiQJps7fKDTkjkDry6ji0rUJjC0kzbNePLwzxq8iypo41qeWA==

big.js@^5.2.2:
  version "5.2.2"
  resolved "https://registry.yarnpkg.com/big.js/-/big.js-5.2.2.tgz#65f0af382f578bcdc742bd9c281e9cb2d7768328"
  integrity sha512-vyL2OymJxmarO8gxMr0mhChsO9QGwhynfuu4+MHTAW6czfq9humCB7rKpUjDd9YUiDPU4mzpyupFSvOClAwbmQ==

blob-stream@^0.1.3:
  version "0.1.3"
  resolved "https://registry.yarnpkg.com/blob-stream/-/blob-stream-0.1.3.tgz#98d668af6996e0f32ef666d06e215ccc7d77686c"
  integrity sha1-mNZor2mW4PMu9mbQbiFczH13aGw=
  dependencies:
    blob "0.0.4"

blob@0.0.4:
  version "0.0.4"
  resolved "https://registry.yarnpkg.com/blob/-/blob-0.0.4.tgz#bcf13052ca54463f30f9fc7e95b9a47630a94921"
  integrity sha1-vPEwUspURj8w+fx+lbmkdjCpSSE=

brotli@^1.2.0:
  version "1.3.2"
  resolved "https://registry.yarnpkg.com/brotli/-/brotli-1.3.2.tgz#525a9cad4fcba96475d7d388f6aecb13eed52f46"
  integrity sha1-UlqcrU/LqWR119OI9q7LE+7VL0Y=
  dependencies:
    base64-js "^1.1.2"

browser-resolve@^1.8.1:
  version "1.11.3"
  resolved "https://registry.yarnpkg.com/browser-resolve/-/browser-resolve-1.11.3.tgz#9b7cbb3d0f510e4cb86bdbd796124d28b5890af6"
  integrity sha512-exDi1BYWB/6raKHmDTCicQfTkqwN5fioMFV4j8BsfMU4R2DK/QfZfK7kOVkmWCNANf0snkBzqGqAJBao9gZMdQ==
  dependencies:
    resolve "1.1.7"

browserify-optional@^1.0.0:
  version "1.0.1"
  resolved "https://registry.yarnpkg.com/browserify-optional/-/browserify-optional-1.0.1.tgz#1e13722cfde0d85f121676c2a72ced533a018869"
  integrity sha1-HhNyLP3g2F8SFnbCpyztUzoBiGk=
  dependencies:
    ast-transform "0.0.0"
    ast-types "^0.7.0"
    browser-resolve "^1.8.1"

busboy@1.6.0:
  version "1.6.0"
  resolved "https://registry.yarnpkg.com/busboy/-/busboy-1.6.0.tgz#966ea36a9502e43cdb9146962523b92f531f6893"
  integrity sha512-8SFQbg/0hQ9xy3UNTB0YEnsNBbWfhf7RtnzpL7TkBiTBRfrQ9Fxcnz7VJsleJpyp6rVLvXiuORqjlHi5q+PYuA==
  dependencies:
    streamsearch "^1.1.0"

call-bind@^1.0.0, call-bind@^1.0.2:
  version "1.0.2"
  resolved "https://registry.yarnpkg.com/call-bind/-/call-bind-1.0.2.tgz#b1d4e89e688119c3c9a903ad30abb2f6a919be3c"
  integrity sha512-7O+FbCihrB5WGbFYesctwmTKae6rOiIzmz1icreWJ+0aA7LJfuqhEso2T9ncpcFtzMQtzXf2QGGueWJGTYsqrA==
  dependencies:
    function-bind "^1.1.1"
    get-intrinsic "^1.0.2"

caniuse-lite@^1.0.30001406:
  version "1.0.30001507"
  resolved "https://registry.yarnpkg.com/caniuse-lite/-/caniuse-lite-1.0.30001507.tgz#fae53f6286e7564783eadea9b447819410a59534"
  integrity sha512-SFpUDoSLCaE5XYL2jfqe9ova/pbQHEmbheDf5r4diNwbAgR3qxM9NQtfsiSscjqoya5K7kFcHPUQ+VsUkIJR4A==

client-only@0.0.1:
  version "0.0.1"
  resolved "https://registry.yarnpkg.com/client-only/-/client-only-0.0.1.tgz#38bba5d403c41ab150bff64a95c85013cf73bca1"
  integrity sha512-IV3Ou0jSMzZrd3pZ48nLkT9DA7Ag1pnPzaiQhpW7c3RbcqqzvzzVu+L8gfqMp/8IM2MQtSiqaCxrrcfu8I8rMA==

clone@^1.0.1:
  version "1.0.4"
  resolved "https://registry.yarnpkg.com/clone/-/clone-1.0.4.tgz#da309cc263df15994c688ca902179ca3c7cd7c7e"
  integrity sha1-2jCcwmPfFZlMaIypAheco8fNfH4=

core-js@^2.4.0:
  version "2.6.12"
  resolved "https://registry.yarnpkg.com/core-js/-/core-js-2.6.12.tgz#d9333dfa7b065e347cc5682219d6f690859cc2ec"
  integrity sha512-Kb2wC0fvsWfQrgk8HU5lW6U/Lcs8+9aaYcy4ZFc6DDlo4nZ7n70dEgE5rtR0oG6ufKDUnrwfWL1mXR5ljDatrQ==

cross-fetch@^3.0.4:
  version "3.0.6"
  resolved "https://registry.yarnpkg.com/cross-fetch/-/cross-fetch-3.0.6.tgz#3a4040bc8941e653e0e9cf17f29ebcd177d3365c"
  integrity sha512-KBPUbqgFjzWlVcURG+Svp9TlhA5uliYtiNx/0r8nv0pdypeQCRJ9IaSIc3q/x3q8t3F75cHuwxVql1HFGHCNJQ==
  dependencies:
    node-fetch "2.6.1"

csstype@^3.0.2:
  version "3.0.6"
  resolved "https://registry.yarnpkg.com/csstype/-/csstype-3.0.6.tgz#865d0b5833d7d8d40f4e5b8a6d76aea3de4725ef"
  integrity sha512-+ZAmfyWMT7TiIlzdqJgjMb7S4f1beorDbWbsocyK4RaiqA5RTX3K14bnBWmmA9QEM0gRdsjyyrEmcyga8Zsxmw==

deep-equal@^1.0.0:
  version "1.1.1"
  resolved "https://registry.yarnpkg.com/deep-equal/-/deep-equal-1.1.1.tgz#b5c98c942ceffaf7cb051e24e1434a25a2e6076a"
  integrity sha512-yd9c5AdiqVcR+JjcwUQb9DkhJc8ngNr0MahEBGvDiJw8puWab2yZlh+nkasOnZP+EGTAP6rRp2JzJhJZzvNF8g==
  dependencies:
    is-arguments "^1.0.4"
    is-date-object "^1.0.1"
    is-regex "^1.0.4"
    object-is "^1.0.1"
    object-keys "^1.1.1"
    regexp.prototype.flags "^1.2.0"

define-properties@^1.1.3:
  version "1.1.3"
  resolved "https://registry.yarnpkg.com/define-properties/-/define-properties-1.1.3.tgz#cf88da6cbee26fe6db7094f61d870cbd84cee9f1"
  integrity sha512-3MqfYKj2lLzdMSf8ZIZE/V+Zuy+BgD6f164e8K2w7dgnpKArBDerGYpM46IYYcjnkdPNMjPk9A6VFB8+3SKlXQ==
  dependencies:
    object-keys "^1.0.12"

dfa@^1.0.0:
  version "1.2.0"
  resolved "https://registry.yarnpkg.com/dfa/-/dfa-1.2.0.tgz#96ac3204e2d29c49ea5b57af8d92c2ae12790657"
  integrity sha512-ED3jP8saaweFTjeGX8HQPjeC1YYyZs98jGNZx6IiBvxW7JG5v492kamAQB3m2wop07CvU/RQmzcKr6bgcC5D/Q==

emoji-regex@^8.0.0:
  version "8.0.0"
  resolved "https://registry.yarnpkg.com/emoji-regex/-/emoji-regex-8.0.0.tgz#e818fd69ce5ccfcb404594f842963bf53164cc37"
  integrity sha512-MSjYzcWNOA0ewAHpz0MxpYFvwg6yjy1NG3xteoqz644VCo/RPgnr1/GGt+ic3iJTzQ8Eu3TdM14SawnVUmGE6A==

emojis-list@^3.0.0:
  version "3.0.0"
  resolved "https://registry.yarnpkg.com/emojis-list/-/emojis-list-3.0.0.tgz#5570662046ad29e2e916e71aae260abdff4f6a78"
  integrity sha512-/kyM18EfinwXZbno9FyUGeFh87KC8HRQBQGildHZbEuRyWFOmv1U10o9BBp8XVZDVNNuQKyIGIu5ZYAAXJ0V2Q==

escodegen@~1.2.0:
  version "1.2.0"
  resolved "https://registry.yarnpkg.com/escodegen/-/escodegen-1.2.0.tgz#09de7967791cc958b7f89a2ddb6d23451af327e1"
  integrity sha1-Cd55Z3kcyVi3+Jot220jRRrzJ+E=
  dependencies:
    esprima "~1.0.4"
    estraverse "~1.5.0"
    esutils "~1.0.0"
  optionalDependencies:
    source-map "~0.1.30"

esprima@~1.0.4:
  version "1.0.4"
  resolved "https://registry.yarnpkg.com/esprima/-/esprima-1.0.4.tgz#9f557e08fc3b4d26ece9dd34f8fbf476b62585ad"
  integrity sha1-n1V+CPw7TSbs6d00+Pv0drYlha0=

estraverse@~1.5.0:
  version "1.5.1"
  resolved "https://registry.yarnpkg.com/estraverse/-/estraverse-1.5.1.tgz#867a3e8e58a9f84618afb6c2ddbcd916b7cbaf71"
  integrity sha1-hno+jlip+EYYr7bC3bzZFrfLr3E=

esutils@~1.0.0:
  version "1.0.0"
  resolved "https://registry.yarnpkg.com/esutils/-/esutils-1.0.0.tgz#8151d358e20c8acc7fb745e7472c0025fe496570"
  integrity sha1-gVHTWOIMisx/t0XnRywAJf5JZXA=

fast-deep-equal@^3.1.1:
  version "3.1.3"
  resolved "https://registry.yarnpkg.com/fast-deep-equal/-/fast-deep-equal-3.1.3.tgz#3a7d56b559d6cbc3eb512325244e619a65c6c525"
  integrity sha512-f3qQ9oQy9j2AhBe/H9VC91wLmKBCCU/gDOnKNAYG5hswO7BLKj09Hc5HYNz9cGI++xlpDCIgDaitVs03ATR84Q==

fast-json-stable-stringify@^2.0.0:
  version "2.1.0"
  resolved "https://registry.yarnpkg.com/fast-json-stable-stringify/-/fast-json-stable-stringify-2.1.0.tgz#874bf69c6f404c2b5d99c481341399fd55892633"
  integrity sha512-lhd/wF+Lk98HZoTCtlVraHtfh5XYijIjalXck7saUtuanSDyLMxnHhSXEDJqHxD7msR8D0uCmqlkwjCV8xvwHw==

file-loader@^6.0.0:
  version "6.2.0"
  resolved "https://registry.yarnpkg.com/file-loader/-/file-loader-6.2.0.tgz#baef7cf8e1840df325e4390b4484879480eebe4d"
  integrity sha512-qo3glqyTa61Ytg4u73GultjHGjdRyig3tG6lPtyX/jOEJvHif9uB0/OCI2Kif6ctF3caQTW2G5gym21oAsI4pw==
  dependencies:
    loader-utils "^2.0.0"
    schema-utils "^3.0.0"

follow-redirects@^1.10.0:
  version "1.13.1"
  resolved "https://registry.yarnpkg.com/follow-redirects/-/follow-redirects-1.13.1.tgz#5f69b813376cee4fd0474a3aba835df04ab763b7"
  integrity sha512-SSG5xmZh1mkPGyKzjZP8zLjltIfpW32Y5QpdNJyjcfGxK3qo3NDDkZOZSFiGn1A6SclQxY9GzEwAHQ3dmYRWpg==

function-bind@^1.1.1:
  version "1.1.1"
  resolved "https://registry.yarnpkg.com/function-bind/-/function-bind-1.1.1.tgz#a56899d3ea3c9bab874bb9773b7c5ede92f4895d"
  integrity sha512-yIovAzMX49sF8Yl58fSCWJ5svSLuaibPxXQJFLmBObTuCr0Mf1KiPopGM9NiFjiYBCbfaa2Fh6breQ6ANVTI0A==

get-intrinsic@^1.0.2:
  version "1.0.2"
  resolved "https://registry.yarnpkg.com/get-intrinsic/-/get-intrinsic-1.0.2.tgz#6820da226e50b24894e08859469dc68361545d49"
  integrity sha512-aeX0vrFm21ILl3+JpFFRNe9aUvp6VFZb2/CTbgLb8j75kOhvoNYjt9d8KA/tJG4gSo8nzEDedRl0h7vDmBYRVg==
  dependencies:
    function-bind "^1.1.1"
    has "^1.0.3"
    has-symbols "^1.0.1"

glob-to-regexp@^0.4.1:
  version "0.4.1"
  resolved "https://registry.yarnpkg.com/glob-to-regexp/-/glob-to-regexp-0.4.1.tgz#c75297087c851b9a578bd217dd59a92f59fe546e"
  integrity sha512-lkX1HJXwyMcprw/5YUZc2s7DrpAiHB21/V+E1rHUrVNokkvB6bqMzT0VfV6/86ZNabt1k14YOIaT7nDvOX3Iiw==

graceful-fs@^4.1.2:
  version "4.2.4"
  resolved "https://registry.yarnpkg.com/graceful-fs/-/graceful-fs-4.2.4.tgz#2256bde14d3632958c465ebc96dc467ca07a29fb"
  integrity sha512-WjKPNJF79dtJAVniUlGGWHYGz2jWxT6VhN/4m1NdkbZ2nOsEF+cI1Edgql5zCRhs/VsQYRvrXctxktVXZUkixw==

has-symbols@^1.0.1:
  version "1.0.1"
  resolved "https://registry.yarnpkg.com/has-symbols/-/has-symbols-1.0.1.tgz#9f5214758a44196c406d9bd76cebf81ec2dd31e8"
  integrity sha512-PLcsoqu++dmEIZB+6totNFKq/7Do+Z0u4oT0zKOJNl3lYK6vGwwu2hjHs+68OEZbTjiUE9bgOABXbP/GvrS0Kg==

has@^1.0.3:
  version "1.0.3"
  resolved "https://registry.yarnpkg.com/has/-/has-1.0.3.tgz#722d7cbfc1f6aa8241f16dd814e011e1f41e8796"
  integrity sha512-f2dvO0VU6Oej7RkWJGrehjbzMAjFp5/VKPp5tTpWIV4JHHZK1/BxbFRtf/siA2SWTe09caDmVtYYzWEIbBS4zw==
  dependencies:
    function-bind "^1.1.1"

hoist-non-react-statics@^3.3.0, hoist-non-react-statics@^3.3.2:
  version "3.3.2"
  resolved "https://registry.yarnpkg.com/hoist-non-react-statics/-/hoist-non-react-statics-3.3.2.tgz#ece0acaf71d62c2969c2ec59feff42a4b1a85b45"
  integrity sha512-/gGivxi8JPKWNm/W0jSmzcMPpfpPLc3dY/6GxhX2hQ9iGj3aDfklV4ET7NjKpSinLpJ5vafa9iiGIEZg10SfBw==
  dependencies:
    react-is "^16.7.0"

hyphen@^1.1.1:
  version "1.6.2"
  resolved "https://registry.yarnpkg.com/hyphen/-/hyphen-1.6.2.tgz#321d794d92b778f39cb5db740a575c092463978c"
  integrity sha512-WcyRGy0kB+QcSlgV9ovP4UQ7E+LpDCv7q9gziO2Q2eqpJ4AtHVfVhNXxlW0EBKgUMmcEHecQKy9AWdm2EavW1Q==

iconv-lite@^0.6.2:
  version "0.6.2"
  resolved "https://registry.yarnpkg.com/iconv-lite/-/iconv-lite-0.6.2.tgz#ce13d1875b0c3a674bd6a04b7f76b01b1b6ded01"
  integrity sha512-2y91h5OpQlolefMPmUlivelittSWy0rP+oYVpn6A7GwVHNE8AWzoYOBNmlwks3LobaJxgHCYZAnyNo2GgpNRNQ==
  dependencies:
    safer-buffer ">= 2.1.2 < 3.0.0"

immer@^8.0.0:
  version "8.0.0"
  resolved "https://registry.yarnpkg.com/immer/-/immer-8.0.0.tgz#08763549ba9dd7d5e2eb4bec504a8315bd9440c2"
  integrity sha512-jm87NNBAIG4fHwouilCHIecFXp5rMGkiFrAuhVO685UnMAlOneEAnOyzPt8OnP47TC11q/E7vpzZe0WvwepFTg==

is-arguments@^1.0.4:
  version "1.1.0"
  resolved "https://registry.yarnpkg.com/is-arguments/-/is-arguments-1.1.0.tgz#62353031dfbee07ceb34656a6bde59efecae8dd9"
  integrity sha512-1Ij4lOMPl/xB5kBDn7I+b2ttPMKa8szhEIrXDuXQD/oe3HJLTLhqhgGspwgyGd6MOywBUqVvYicF72lkgDnIHg==
  dependencies:
    call-bind "^1.0.0"

is-date-object@^1.0.1:
  version "1.0.2"
  resolved "https://registry.yarnpkg.com/is-date-object/-/is-date-object-1.0.2.tgz#bda736f2cd8fd06d32844e7743bfa7494c3bfd7e"
  integrity sha512-USlDT524woQ08aoZFzh3/Z6ch9Y/EWXEHQ/AaRN0SkKq4t2Jw2R2339tSXmwuVoY7LLlBCbOIlx2myP/L5zk0g==

is-regex@^1.0.4:
  version "1.1.1"
  resolved "https://registry.yarnpkg.com/is-regex/-/is-regex-1.1.1.tgz#c6f98aacc546f6cec5468a07b7b153ab564a57b9"
  integrity sha512-1+QkEcxiLlB7VEyFtyBg94e08OAsvq7FUBgApTq/w2ymCLyKJgDPsybBENVtA7XCQEgEXxKPonG+mvYRxh/LIg==
  dependencies:
    has-symbols "^1.0.1"

is-url@^1.2.4:
  version "1.2.4"
  resolved "https://registry.yarnpkg.com/is-url/-/is-url-1.2.4.tgz#04a4df46d28c4cff3d73d01ff06abeb318a1aa52"
  integrity sha512-ITvGim8FhRiYe4IQ5uHSkj7pVaPDrCTkNd3yq3cV7iZAcJdHTUMPMEHcqSOy9xZ9qFenQCvi+2wjH9a1nXqHww==

"js-tokens@^3.0.0 || ^4.0.0":
  version "4.0.0"
  resolved "https://registry.yarnpkg.com/js-tokens/-/js-tokens-4.0.0.tgz#19203fb59991df98e3a287050d4647cdeaf32499"
  integrity sha512-RdJUflcE3cUzKiMqQgsCu06FPu9UdIJO0beYbPhHN4k6apgJtifcoCtT9bcxOpYBtpD2kCM6Sbzg4CausW/PKQ==

json-schema-traverse@^0.4.1:
  version "0.4.1"
  resolved "https://registry.yarnpkg.com/json-schema-traverse/-/json-schema-traverse-0.4.1.tgz#69f6a87d9513ab8bb8fe63bdb0979c448e684660"
  integrity sha512-xbbCH5dCYU5T8LcEhhuh7HJ88HXuW3qsI3Y0zOZFKfZEHcpWiHU/Jxzk629Brsab/mMiHQti9wMP+845RPe3Vg==

json5@^2.1.2:
  version "2.1.3"
  resolved "https://registry.yarnpkg.com/json5/-/json5-2.1.3.tgz#c9b0f7fa9233bfe5807fe66fcf3a5617ed597d43"
  integrity sha512-KXPvOm8K9IJKFM0bmdn8QXh7udDh1g/giieX0NLCaMnb4hEiVFqnop2ImTXCc5e0/oHz3LTqmHGtExn5hfMkOA==
  dependencies:
    minimist "^1.2.5"

loader-utils@^2.0.0:
  version "2.0.0"
  resolved "https://registry.yarnpkg.com/loader-utils/-/loader-utils-2.0.0.tgz#e4cace5b816d425a166b5f097e10cd12b36064b0"
  integrity sha512-rP4F0h2RaWSvPEkD7BLDFQnvSf+nK+wr3ESUjNTyAGobqrijmW92zc+SO6d4p4B1wh7+B/Jg1mkQe5NYUEHtHQ==
  dependencies:
    big.js "^5.2.2"
    emojis-list "^3.0.0"
    json5 "^2.1.2"

loose-envify@^1.1.0, loose-envify@^1.4.0:
  version "1.4.0"
  resolved "https://registry.yarnpkg.com/loose-envify/-/loose-envify-1.4.0.tgz#71ee51fa7be4caec1a63839f7e682d8132d30caf"
  integrity sha512-lyuxPGr/Wfhrlem2CL/UcnUc1zcqKAImBDzukY7Y5F/yQiNdko6+fRLevlw1HgMySw7f611UIY408EtxRSoK3Q==
  dependencies:
    js-tokens "^3.0.0 || ^4.0.0"

lz-string@^1.4.4:
  version "1.4.4"
  resolved "https://registry.yarnpkg.com/lz-string/-/lz-string-1.4.4.tgz#c0d8eaf36059f705796e1e344811cf4c498d3a26"
  integrity sha1-wNjq82BZ9wV5bh40SBHPTEmNOiY=

media-engine@^1.0.3:
  version "1.0.3"
  resolved "https://registry.yarnpkg.com/media-engine/-/media-engine-1.0.3.tgz#be3188f6cd243ea2a40804a35de5a5b032f58dad"
  integrity sha1-vjGI9s0kPqKkCASjXeWlsDL1ja0=

mime-db@1.45.0:
  version "1.45.0"
  resolved "https://registry.yarnpkg.com/mime-db/-/mime-db-1.45.0.tgz#cceeda21ccd7c3a745eba2decd55d4b73e7879ea"
  integrity sha512-CkqLUxUk15hofLoLyljJSrukZi8mAtgd+yE5uO4tqRZsdsAJKv0O+rFMhVDRJgozy+yG6md5KwuXhD4ocIoP+w==

mime-types@^2.1.27:
  version "2.1.28"
  resolved "https://registry.yarnpkg.com/mime-types/-/mime-types-2.1.28.tgz#1160c4757eab2c5363888e005273ecf79d2a0ecd"
  integrity sha512-0TO2yJ5YHYr7M2zzT7gDU1tbwHxEUWBCLt0lscSNpcdAfFyJOVEpRYNS7EXVcTLNj/25QO8gulHC5JtTzSE2UQ==
  dependencies:
    mime-db "1.45.0"

minimist@^1.2.5:
  version "1.2.5"
  resolved "https://registry.yarnpkg.com/minimist/-/minimist-1.2.5.tgz#67d66014b66a6a8aaa0c083c5fd58df4e4e97602"
  integrity sha512-FM9nNUYrRBAELZQT3xeZQ7fmMOBg6nWNmJKTcgsJeaLstP/UODVpGsr5OhXhhXg6f+qtJ8uiZ+PUxkDWcgIXLw==

nanoid@^3.3.4:
  version "3.3.6"
  resolved "https://registry.yarnpkg.com/nanoid/-/nanoid-3.3.6.tgz#443380c856d6e9f9824267d960b4236ad583ea4c"
  integrity sha512-BGcqMMJuToF7i1rt+2PWSNVnWIkGCU78jBG3RxO/bZlnZPK2Cmi2QaffxGO/2RvWi9sL+FAiRiXMgsyxQ1DIDA==

next-images@^1.7.0:
  version "1.7.0"
  resolved "https://registry.yarnpkg.com/next-images/-/next-images-1.7.0.tgz#70761ad88543b222d383e139824063c04f1119d6"
  integrity sha512-7sTjSajbaYStlkl0pYNSUBJD0t6XpH5uE2b9XGrSO9Fh+XLaq10aHP7reEA2f1lBH6D4KTKjFy4S3lNQNVX/lA==
  dependencies:
    file-loader "^6.0.0"
    url-loader "^4.0.0"

next-redux-saga@^4.1.2:
  version "4.1.2"
  resolved "https://registry.yarnpkg.com/next-redux-saga/-/next-redux-saga-4.1.2.tgz#adf65cd694deac2514676767d3b733862297db66"
  integrity sha512-UEI/8bRObquIpHeHX1RuqOFBe2zhI2gTHLijBLiinOZrCbir18B4/lJpymrEoHHpel0iiZEwV4R6jeUWYv+Avw==

next-redux-wrapper@^5.0.0:
  version "5.0.0"
  resolved "https://registry.yarnpkg.com/next-redux-wrapper/-/next-redux-wrapper-5.0.0.tgz#0f36f94ea00581fbdc94f2405594f6360beb08dc"
  integrity sha512-jw893pPRJ4DCwskChp8iB+OjzfvblkEEw7frO3+u/jgZxlQ2yLaTAIRyEBjdCxTf7AOQGYb8aiWdC5toZOHJjg==

next@^13.4.7:
  version "13.4.7"
  resolved "https://registry.yarnpkg.com/next/-/next-13.4.7.tgz#2ab20e6fada2e25cb81bd17f68956705ffd9824e"
  integrity sha512-M8z3k9VmG51SRT6v5uDKdJXcAqLzP3C+vaKfLIAM0Mhx1um1G7MDnO63+m52qPdZfrTFzMZNzfsgvm3ghuVHIQ==
  dependencies:
    "@next/env" "13.4.7"
    "@swc/helpers" "0.5.1"
    busboy "1.6.0"
    caniuse-lite "^1.0.30001406"
    postcss "8.4.14"
    styled-jsx "5.1.1"
    watchpack "2.4.0"
    zod "3.21.4"
  optionalDependencies:
    "@next/swc-darwin-arm64" "13.4.7"
    "@next/swc-darwin-x64" "13.4.7"
    "@next/swc-linux-arm64-gnu" "13.4.7"
    "@next/swc-linux-arm64-musl" "13.4.7"
    "@next/swc-linux-x64-gnu" "13.4.7"
    "@next/swc-linux-x64-musl" "13.4.7"
    "@next/swc-win32-arm64-msvc" "13.4.7"
    "@next/swc-win32-ia32-msvc" "13.4.7"
    "@next/swc-win32-x64-msvc" "13.4.7"

node-fetch@2.6.1:
  version "2.6.1"
  resolved "https://registry.yarnpkg.com/node-fetch/-/node-fetch-2.6.1.tgz#045bd323631f76ed2e2b55573394416b639a0052"
  integrity sha512-V4aYg89jEoVRxRb2fJdAg8FHvI7cEyYdVAh94HH0UIK8oJxUfkjlDQN9RbMx+bEjP7+ggMiFRprSti032Oipxw==

object-assign@^4.1.1:
  version "4.1.1"
  resolved "https://registry.yarnpkg.com/object-assign/-/object-assign-4.1.1.tgz#2109adc7965887cfc05cbbd442cac8bfbb360863"
  integrity sha1-IQmtx5ZYh8/AXLvUQsrIv7s2CGM=

object-is@^1.0.1:
  version "1.1.4"
  resolved "https://registry.yarnpkg.com/object-is/-/object-is-1.1.4.tgz#63d6c83c00a43f4cbc9434eb9757c8a5b8565068"
  integrity sha512-1ZvAZ4wlF7IyPVOcE1Omikt7UpaFlOQq0HlSti+ZvDH3UiD2brwGMwDbyV43jao2bKJ+4+WdPJHSd7kgzKYVqg==
  dependencies:
    call-bind "^1.0.0"
    define-properties "^1.1.3"

object-keys@^1.0.12, object-keys@^1.1.1:
  version "1.1.1"
  resolved "https://registry.yarnpkg.com/object-keys/-/object-keys-1.1.1.tgz#1c47f272df277f3b1daf061677d9c82e2322c60e"
  integrity sha512-NuAESUOUMrlIXOfHKzD6bpPu3tYt3xvjNdRIQ+FeT0lNb4K8WR70CaDxhuNguS2XG+GjkyMwOzsN5ZktImfhLA==

page-wrapping@^1.1.0:
  version "1.1.0"
  resolved "https://registry.yarnpkg.com/page-wrapping/-/page-wrapping-1.1.0.tgz#8446eb6b17fa7c59d75f0f9c9ece5217ff5f29a4"
  integrity sha512-DAnqZJ3FHKLXVbdQfvGoHyZRFZL+N1IIZlo2RImFqrZ3scoFS8lOHZoLQxnYbsnCMQkwoEyESd0ZNs5RbEsArA==

pako@^0.2.5:
  version "0.2.9"
  resolved "https://registry.yarnpkg.com/pako/-/pako-0.2.9.tgz#f3f7522f4ef782348da8161bad9ecfd51bf83a75"
  integrity sha1-8/dSL073gjSNqBYbrZ7P1Rv4OnU=

picocolors@^1.0.0:
  version "1.0.0"
  resolved "https://registry.yarnpkg.com/picocolors/-/picocolors-1.0.0.tgz#cb5bdc74ff3f51892236eaf79d68bc44564ab81c"
  integrity sha512-1fygroTLlHu66zi26VoTDv8yRgm0Fccecssto+MhsZ0D/DGW2sm8E8AjW7NU5VVTRt5GxbeZ5qBuJr+HyLYkjQ==

postcss@8.4.14:
  version "8.4.14"
  resolved "https://registry.yarnpkg.com/postcss/-/postcss-8.4.14.tgz#ee9274d5622b4858c1007a74d76e42e56fd21caf"
  integrity sha512-E398TUmfAYFPBSdzgeieK2Y1+1cpdxJx8yXbK/m57nRhKSmk1GB2tO4lbLBtlkfPQTDKfe4Xqv1ASWPpayPEig==
  dependencies:
    nanoid "^3.3.4"
    picocolors "^1.0.0"
    source-map-js "^1.0.2"

prop-types@^15.6.2, prop-types@^15.7.2:
  version "15.7.2"
  resolved "https://registry.yarnpkg.com/prop-types/-/prop-types-15.7.2.tgz#52c41e75b8c87e72b9d9360e0206b99dcbffa6c5"
  integrity sha512-8QQikdH7//R2vurIJSutZ1smHYTcLpRWEOlHnzcWHmBYrOGUysKwSsrC89BCiFj3CbrfJ/nXFdJepOVrY1GCHQ==
  dependencies:
    loose-envify "^1.4.0"
    object-assign "^4.1.1"
    react-is "^16.8.1"

punycode@^2.1.0:
  version "2.1.1"
  resolved "https://registry.yarnpkg.com/punycode/-/punycode-2.1.1.tgz#b58b010ac40c22c5657616c8d2c2c02c7bf479ec"
  integrity sha512-XRsRjdf+j5ml+y/6GKHPZbrF/8p2Yga0JPtdqTIY2Xe5ohJPD9saDJJLPvp9+NSBprVvevdXZybnj2cv8OEd0A==

ramda@^0.26.1:
  version "0.26.1"
  resolved "https://registry.yarnpkg.com/ramda/-/ramda-0.26.1.tgz#8d41351eb8111c55353617fc3bbffad8e4d35d06"
  integrity sha512-hLWjpy7EnsDBb0p+Z3B7rPi3GDeRG5ZtiI33kJhTt+ORCd38AbAIjB/9zRIUoeTbE/AVX5ZkU7m6bznsvrf8eQ==

react-dom@^16.13.0:
  version "16.14.0"
  resolved "https://registry.yarnpkg.com/react-dom/-/react-dom-16.14.0.tgz#7ad838ec29a777fb3c75c3a190f661cf92ab8b89"
  integrity sha512-1gCeQXDLoIqMgqD3IO2Ah9bnf0w9kzhwN5q4FGnHZ67hBm9yePzB5JJAIQCc8x3pFnNlwFq4RidZggNAAkzWWw==
  dependencies:
    loose-envify "^1.1.0"
    object-assign "^4.1.1"
    prop-types "^15.6.2"
    scheduler "^0.19.1"

react-hook-form@^6.14.2:
  version "6.14.2"
  resolved "https://registry.yarnpkg.com/react-hook-form/-/react-hook-form-6.14.2.tgz#60ab0b5367b220a3d96aa0b17bd0f13f9d8c326a"
  integrity sha512-GgDUuT3Yfhl1BOcMl862uAFbCixSomtm3CVlQQ1qVu9Tq5BN2uUIRUIXP8l2Gy99eLUrBqU9x4E7N+si9cnvaw==

react-is@^16.13.1, react-is@^16.7.0, react-is@^16.8.1:
  version "16.13.1"
  resolved "https://registry.yarnpkg.com/react-is/-/react-is-16.13.1.tgz#789729a4dc36de2999dc156dd6c1d9c18cea56a4"
  integrity sha512-24e6ynE2H+OKt4kqsOvNd8kBpV65zoxbA4BVsEOB3ARVWQki/DHzaUoC5KuON/BiccDaCCTZBuOcfZs70kR8bQ==

react-reconciler@^0.24.0:
  version "0.24.0"
  resolved "https://registry.yarnpkg.com/react-reconciler/-/react-reconciler-0.24.0.tgz#5a396b2c2f5efe8554134a5935f49f546723f2dd"
  integrity sha512-gAGnwWkf+NOTig9oOowqid9O0HjTDC+XVGBCAmJYYJ2A2cN/O4gDdIuuUQjv8A4v6GDwVfJkagpBBLW5OW9HSw==
  dependencies:
    loose-envify "^1.1.0"
    object-assign "^4.1.1"
    prop-types "^15.6.2"
    scheduler "^0.18.0"

react-redux@^7.2.0:
  version "7.2.2"
  resolved "https://registry.yarnpkg.com/react-redux/-/react-redux-7.2.2.tgz#03862e803a30b6b9ef8582dadcc810947f74b736"
  integrity sha512-8+CQ1EvIVFkYL/vu6Olo7JFLWop1qRUeb46sGtIMDCSpgwPQq8fPLpirIB0iTqFe9XYEFPHssdX8/UwN6pAkEA==
  dependencies:
    "@babel/runtime" "^7.12.1"
    hoist-non-react-statics "^3.3.2"
    loose-envify "^1.4.0"
    prop-types "^15.7.2"
    react-is "^16.13.1"

react@^16.13.0:
  version "16.14.0"
  resolved "https://registry.yarnpkg.com/react/-/react-16.14.0.tgz#94d776ddd0aaa37da3eda8fc5b6b18a4c9a3114d"
  integrity sha512-0X2CImDkJGApiAlcf0ODKIneSwBPhqJawOa5wCtKbu7ZECrmS26NvtSILynQ66cgkT/RJ4LidJOc3bUESwmU8g==
  dependencies:
    loose-envify "^1.1.0"
    object-assign "^4.1.1"
    prop-types "^15.6.2"

redux-devtools-extension@^2.13.8:
  version "2.13.8"
  resolved "https://registry.yarnpkg.com/redux-devtools-extension/-/redux-devtools-extension-2.13.8.tgz#37b982688626e5e4993ff87220c9bbb7cd2d96e1"
  integrity sha512-8qlpooP2QqPtZHQZRhx3x3OP5skEV1py/zUdMY28WNAocbafxdG2tRD1MWE7sp8obGMNYuLWanhhQ7EQvT1FBg==

redux-persist@^6.0.0:
  version "6.0.0"
  resolved "https://registry.yarnpkg.com/redux-persist/-/redux-persist-6.0.0.tgz#b4d2972f9859597c130d40d4b146fecdab51b3a8"
  integrity sha512-71LLMbUq2r02ng2We9S215LtPu3fY0KgaGE0k8WRgl6RkqxtGfl7HUozz1Dftwsb0D/5mZ8dwAaPbtnzfvbEwQ==

redux-saga@^1.1.3:
  version "1.1.3"
  resolved "https://registry.yarnpkg.com/redux-saga/-/redux-saga-1.1.3.tgz#9f3e6aebd3c994bbc0f6901a625f9a42b51d1112"
  integrity sha512-RkSn/z0mwaSa5/xH/hQLo8gNf4tlvT18qXDNvedihLcfzh+jMchDgaariQoehCpgRltEm4zHKJyINEz6aqswTw==
  dependencies:
    "@redux-saga/core" "^1.1.3"

redux@^4.0.0, redux@^4.0.4, redux@^4.0.5:
  version "4.0.5"
  resolved "https://registry.yarnpkg.com/redux/-/redux-4.0.5.tgz#4db5de5816e17891de8a80c424232d06f051d93f"
  integrity sha512-VSz1uMAH24DM6MF72vcojpYPtrTUu3ByVWfPL1nPfVRb5mZVTve5GnNCUV53QM/BZ66xfWrm0CTWoM+Xlz8V1w==
  dependencies:
    loose-envify "^1.4.0"
    symbol-observable "^1.2.0"

regenerator-runtime@^0.11.0:
  version "0.11.1"
  resolved "https://registry.yarnpkg.com/regenerator-runtime/-/regenerator-runtime-0.11.1.tgz#be05ad7f9bf7d22e056f9726cee5017fbf19e2e9"
  integrity sha512-MguG95oij0fC3QV3URf4V2SDYGJhJnJGqvIIgdECeODCT98wSWDAJ94SSuVpYQUoTcGUIL6L4yNB7j1DFFHSBg==

regenerator-runtime@^0.13.4:
  version "0.13.7"
  resolved "https://registry.yarnpkg.com/regenerator-runtime/-/regenerator-runtime-0.13.7.tgz#cac2dacc8a1ea675feaabaeb8ae833898ae46f55"
  integrity sha512-a54FxoJDIr27pgf7IgeQGxmqUNYrcV338lf/6gH456HZ/PhX+5BcwHXG9ajESmwe6WRO0tAzRUrRmNONWgkrew==

regexp.prototype.flags@^1.2.0:
  version "1.3.1"
  resolved "https://registry.yarnpkg.com/regexp.prototype.flags/-/regexp.prototype.flags-1.3.1.tgz#7ef352ae8d159e758c0eadca6f8fcb4eef07be26"
  integrity sha512-JiBdRBq91WlY7uRJ0ds7R+dU02i6LKi8r3BuQhNXn+kmeLN+EfHhfjqMRis1zJxnlu88hq/4dx0P2OP3APRTOA==
  dependencies:
    call-bind "^1.0.2"
    define-properties "^1.1.3"

resolve@1.1.7:
  version "1.1.7"
  resolved "https://registry.yarnpkg.com/resolve/-/resolve-1.1.7.tgz#203114d82ad2c5ed9e8e0411b3932875e889e97b"
  integrity sha1-IDEU2CrSxe2ejgQRs5ModeiJ6Xs=

restructure@^0.5.3:
  version "0.5.4"
  resolved "https://registry.yarnpkg.com/restructure/-/restructure-0.5.4.tgz#f54e7dd563590fb34fd6bf55876109aeccb28de8"
  integrity sha1-9U591WNZD7NP1r9Vh2EJrsyyjeg=
  dependencies:
    browserify-optional "^1.0.0"

"safer-buffer@>= 2.1.2 < 3.0.0":
  version "2.1.2"
  resolved "https://registry.yarnpkg.com/safer-buffer/-/safer-buffer-2.1.2.tgz#44fa161b0187b9549dd84bb91802f9bd8385cd6a"
  integrity sha512-YZo3K82SD7Riyi0E1EQPojLz7kpepnSQI9IyPbHHg1XXXevb5dJI7tpyN2ADxGcQbHG7vcyRHk0cbwqcQriUtg==

scheduler@^0.18.0:
  version "0.18.0"
  resolved "https://registry.yarnpkg.com/scheduler/-/scheduler-0.18.0.tgz#5901ad6659bc1d8f3fdaf36eb7a67b0d6746b1c4"
  integrity sha512-agTSHR1Nbfi6ulI0kYNK0203joW2Y5W4po4l+v03tOoiJKpTBbxpNhWDvqc/4IcOw+KLmSiQLTasZ4cab2/UWQ==
  dependencies:
    loose-envify "^1.1.0"
    object-assign "^4.1.1"

scheduler@^0.19.1:
  version "0.19.1"
  resolved "https://registry.yarnpkg.com/scheduler/-/scheduler-0.19.1.tgz#4f3e2ed2c1a7d65681f4c854fa8c5a1ccb40f196"
  integrity sha512-n/zwRWRYSUj0/3g/otKDRPMh6qv2SYMWNq85IEa8iZyAv8od9zDYpGSnpBEjNgcMNq6Scbu5KfIPxNF72R/2EA==
  dependencies:
    loose-envify "^1.1.0"
    object-assign "^4.1.1"

schema-utils@^3.0.0:
  version "3.0.0"
  resolved "https://registry.yarnpkg.com/schema-utils/-/schema-utils-3.0.0.tgz#67502f6aa2b66a2d4032b4279a2944978a0913ef"
  integrity sha512-6D82/xSzO094ajanoOSbe4YvXWMfn2A//8Y1+MUqFAJul5Bs+yn36xbK9OtNDcRVSBJ9jjeoXftM6CfztsjOAA==
  dependencies:
    "@types/json-schema" "^7.0.6"
    ajv "^6.12.5"
    ajv-keywords "^3.5.2"

source-map-js@^1.0.2:
  version "1.0.2"
  resolved "https://registry.yarnpkg.com/source-map-js/-/source-map-js-1.0.2.tgz#adbc361d9c62df380125e7f161f71c826f1e490c"
  integrity sha512-R0XvVJ9WusLiqTCEiGCmICCMplcCkIwwR11mOSD9CR5u+IXYdiseeEuXCVAjS54zqwkLcPNnmU4OeJ6tUrWhDw==

source-map@~0.1.30:
  version "0.1.43"
  resolved "https://registry.yarnpkg.com/source-map/-/source-map-0.1.43.tgz#c24bc146ca517c1471f5dacbe2571b2b7f9e3346"
  integrity sha1-wkvBRspRfBRx9drL4lcbK3+eM0Y=
  dependencies:
    amdefine ">=0.0.4"

streamsearch@^1.1.0:
  version "1.1.0"
  resolved "https://registry.yarnpkg.com/streamsearch/-/streamsearch-1.1.0.tgz#404dd1e2247ca94af554e841a8ef0eaa238da764"
  integrity sha512-Mcc5wHehp9aXz1ax6bZUyY5afg9u2rv5cqQI3mRrYkGC8rW2hM02jWuwjtL++LS5qinSyhj2QfLyNsuc+VsExg==

styled-jsx@5.1.1:
  version "5.1.1"
  resolved "https://registry.yarnpkg.com/styled-jsx/-/styled-jsx-5.1.1.tgz#839a1c3aaacc4e735fed0781b8619ea5d0009d1f"
  integrity sha512-pW7uC1l4mBZ8ugbiZrcIsiIvVx1UmTfw7UkC3Um2tmfUq9Bhk8IiyEIPl6F8agHgjzku6j0xQEZbfA5uSgSaCw==
  dependencies:
    client-only "0.0.1"

symbol-observable@^1.2.0:
  version "1.2.0"
  resolved "https://registry.yarnpkg.com/symbol-observable/-/symbol-observable-1.2.0.tgz#c22688aed4eab3cdc2dfeacbb561660560a00804"
  integrity sha512-e900nM8RRtGhlV36KGEU9k65K3mPb1WV70OdjfxlG2EAuM1noi/E/BaW/uMhL7bPEssK8QV57vN3esixjUvcXQ==

through@~2.3.4:
  version "2.3.8"
  resolved "https://registry.yarnpkg.com/through/-/through-2.3.8.tgz#0dd4c9ffaabc357960b1b724115d7e0e86a2e1f5"
  integrity sha1-DdTJ/6q8NXlgsbckEV1+Doai4fU=

tiny-inflate@^1.0.0, tiny-inflate@^1.0.2:
  version "1.0.3"
  resolved "https://registry.yarnpkg.com/tiny-inflate/-/tiny-inflate-1.0.3.tgz#122715494913a1805166aaf7c93467933eea26c4"
  integrity sha512-pkY1fj1cKHb2seWDy0B16HeWyczlJA9/WW3u3c4z/NiWDsO3DOU5D7nhTLE9CF0yXv/QZFY7sEJmj24dK+Rrqw==

tslib@^2.4.0:
  version "2.5.3"
  resolved "https://registry.yarnpkg.com/tslib/-/tslib-2.5.3.tgz#24944ba2d990940e6e982c4bea147aba80209913"
  integrity sha512-mSxlJJwl3BMEQCUNnxXBU9jP4JBktcEGhURcPR6VQVlnP0FdDEsIaz0C35dXNGLyRfrATNofF0F5p2KPxQgB+w==

typescript-compare@^0.0.2:
  version "0.0.2"
  resolved "https://registry.yarnpkg.com/typescript-compare/-/typescript-compare-0.0.2.tgz#7ee40a400a406c2ea0a7e551efd3309021d5f425"
  integrity sha512-8ja4j7pMHkfLJQO2/8tut7ub+J3Lw2S3061eJLFQcvs3tsmJKp8KG5NtpLn7KcY2w08edF74BSVN7qJS0U6oHA==
  dependencies:
    typescript-logic "^0.0.0"

typescript-logic@^0.0.0:
  version "0.0.0"
  resolved "https://registry.yarnpkg.com/typescript-logic/-/typescript-logic-0.0.0.tgz#66ebd82a2548f2b444a43667bec120b496890196"
  integrity sha512-zXFars5LUkI3zP492ls0VskH3TtdeHCqu0i7/duGt60i5IGPIpAHE/DWo5FqJ6EjQ15YKXrt+AETjv60Dat34Q==

typescript-tuple@^2.2.1:
  version "2.2.1"
  resolved "https://registry.yarnpkg.com/typescript-tuple/-/typescript-tuple-2.2.1.tgz#7d9813fb4b355f69ac55032e0363e8bb0f04dad2"
  integrity sha512-Zcr0lbt8z5ZdEzERHAMAniTiIKerFCMgd7yjq1fPnDJ43et/k9twIFQMUYff9k5oXcsQ0WpvFcgzK2ZKASoW6Q==
  dependencies:
    typescript-compare "^0.0.2"

typescript@^4.1.3:
  version "4.1.3"
  resolved "https://registry.yarnpkg.com/typescript/-/typescript-4.1.3.tgz#519d582bd94cba0cf8934c7d8e8467e473f53bb7"
  integrity sha512-B3ZIOf1IKeH2ixgHhj6la6xdwR9QrLC5d1VKeCSY4tvkqhF2eqd9O7txNlS0PO3GrBAFIdr3L1ndNwteUbZLYg==

unicode-trie@^0.3.0:
  version "0.3.1"
  resolved "https://registry.yarnpkg.com/unicode-trie/-/unicode-trie-0.3.1.tgz#d671dddd89101a08bac37b6a5161010602052085"
  integrity sha1-1nHd3YkQGgi6w3tqUWEBBgIFIIU=
  dependencies:
    pako "^0.2.5"
    tiny-inflate "^1.0.0"

uri-js@^4.2.2:
  version "4.4.1"
  resolved "https://registry.yarnpkg.com/uri-js/-/uri-js-4.4.1.tgz#9b1a52595225859e55f669d928f88c6c57f2a77e"
  integrity sha512-7rKUyy33Q1yc98pQ1DAmLtwX109F7TIfWlW1Ydo8Wl1ii1SeHieeh0HHfPeL2fMXK6z0s8ecKs9frCuLJvndBg==
  dependencies:
    punycode "^2.1.0"

url-loader@^4.0.0:
  version "4.1.1"
  resolved "https://registry.yarnpkg.com/url-loader/-/url-loader-4.1.1.tgz#28505e905cae158cf07c92ca622d7f237e70a4e2"
  integrity sha512-3BTV812+AVHHOJQO8O5MkWgZ5aosP7GnROJwvzLS9hWDj00lZ6Z0wNak423Lp9PBZN05N+Jk/N5Si8jRAlGyWA==
  dependencies:
    loader-utils "^2.0.0"
    mime-types "^2.1.27"
    schema-utils "^3.0.0"

watchpack@2.4.0:
  version "2.4.0"
  resolved "https://registry.yarnpkg.com/watchpack/-/watchpack-2.4.0.tgz#fa33032374962c78113f93c7f2fb4c54c9862a5d"
  integrity sha512-Lcvm7MGST/4fup+ifyKi2hjyIAwcdI4HRgtvTpIUxBRhB+RFtUh8XtDOxUfctVCnhVi+QQj49i91OyvzkJl6cg==
  dependencies:
    glob-to-regexp "^0.4.1"
    graceful-fs "^4.1.2"

yoga-layout-prebuilt@^1.9.3:
  version "1.10.0"
  resolved "https://registry.yarnpkg.com/yoga-layout-prebuilt/-/yoga-layout-prebuilt-1.10.0.tgz#2936fbaf4b3628ee0b3e3b1df44936d6c146faa6"
  integrity sha512-YnOmtSbv4MTf7RGJMK0FvZ+KD8OEe/J5BNnR0GHhD8J/XcG/Qvxgszm0Un6FTHWW4uHlTgP0IztiXQnGyIR45g==
  dependencies:
    "@types/yoga-layout" "1.9.2"

zod@3.21.4:
  version "3.21.4"
  resolved "https://registry.yarnpkg.com/zod/-/zod-3.21.4.tgz#10882231d992519f0a10b5dd58a38c9dabbb64db"
  integrity sha512-m46AKbrzKVzOzs/DZgVnG5H55N1sv1M8qZU3A8RIKbs3mrACDNeIOeilDymVb2HdmP8uwshOCF4uJ8uM9rCqJw==
